// !$*UTF8*$!
{
	archiveVersion = 1;
	classes = {
	};
	objectVersion = 46;
	objects = {

/* Begin PBXBuildFile section */
		05080E381D2546170023E2DE /* Model.swift in Sources */ = {isa = PBXBuildFile; fileRef = 05080E371D2546170023E2DE /* Model.swift */; };
		05080E3A1D2546410023E2DE /* StoreModel.swift in Sources */ = {isa = PBXBuildFile; fileRef = 05080E391D2546410023E2DE /* StoreModel.swift */; };
		05080E3C1D2546680023E2DE /* Store.swift in Sources */ = {isa = PBXBuildFile; fileRef = 05080E3B1D2546680023E2DE /* Store.swift */; };
		05080E3F1D25551B0023E2DE /* BViewController.swift in Sources */ = {isa = PBXBuildFile; fileRef = 05080E3E1D25551B0023E2DE /* BViewController.swift */; };
		05080E411D255ABF0023E2DE /* NewModel.swift in Sources */ = {isa = PBXBuildFile; fileRef = 05080E401D255ABF0023E2DE /* NewModel.swift */; };
		05659FA21D22BB3D008CB76D /* AppDelegate.swift in Sources */ = {isa = PBXBuildFile; fileRef = 05659FA11D22BB3D008CB76D /* AppDelegate.swift */; };
		05659FA41D22BB3D008CB76D /* ViewController.swift in Sources */ = {isa = PBXBuildFile; fileRef = 05659FA31D22BB3D008CB76D /* ViewController.swift */; };
		05659FA91D22BB3D008CB76D /* Assets.xcassets in Resources */ = {isa = PBXBuildFile; fileRef = 05659FA81D22BB3D008CB76D /* Assets.xcassets */; };
		05659FAC1D22BB3D008CB76D /* LaunchScreen.storyboard in Resources */ = {isa = PBXBuildFile; fileRef = 05659FAA1D22BB3D008CB76D /* LaunchScreen.storyboard */; };
		05659FB41D22BB57008CB76D /* ReactBox.swift in Sources */ = {isa = PBXBuildFile; fileRef = 05659FB31D22BB57008CB76D /* ReactBox.swift */; };
		05659FB61D22BB85008CB76D /* React.swift in Sources */ = {isa = PBXBuildFile; fileRef = 05659FB51D22BB85008CB76D /* React.swift */; };
		05659FB81D22BBB8008CB76D /* Genenic.swift in Sources */ = {isa = PBXBuildFile; fileRef = 05659FB71D22BBB8008CB76D /* Genenic.swift */; };
/* End PBXBuildFile section */

/* Begin PBXFileReference section */
		05080E371D2546170023E2DE /* Model.swift */ = {isa = PBXFileReference; fileEncoding = 4; lastKnownFileType = sourcecode.swift; path = Model.swift; sourceTree = "<group>"; };
		05080E391D2546410023E2DE /* StoreModel.swift */ = {isa = PBXFileReference; fileEncoding = 4; lastKnownFileType = sourcecode.swift; path = StoreModel.swift; sourceTree = "<group>"; };
		05080E3B1D2546680023E2DE /* Store.swift */ = {isa = PBXFileReference; fileEncoding = 4; lastKnownFileType = sourcecode.swift; path = Store.swift; sourceTree = "<group>"; };
		05080E3E1D25551B0023E2DE /* BViewController.swift */ = {isa = PBXFileReference; fileEncoding = 4; lastKnownFileType = sourcecode.swift; path = BViewController.swift; sourceTree = "<group>"; };
		05080E401D255ABF0023E2DE /* NewModel.swift */ = {isa = PBXFileReference; fileEncoding = 4; lastKnownFileType = sourcecode.swift; path = NewModel.swift; sourceTree = "<group>"; };
		05659F9E1D22BB3D008CB76D /* Flux.app */ = {isa = PBXFileReference; explicitFileType = wrapper.application; includeInIndex = 0; path = Flux.app; sourceTree = BUILT_PRODUCTS_DIR; };
		05659FA11D22BB3D008CB76D /* AppDelegate.swift */ = {isa = PBXFileReference; lastKnownFileType = sourcecode.swift; path = AppDelegate.swift; sourceTree = "<group>"; };
		05659FA31D22BB3D008CB76D /* ViewController.swift */ = {isa = PBXFileReference; lastKnownFileType = sourcecode.swift; path = ViewController.swift; sourceTree = "<group>"; };
		05659FA81D22BB3D008CB76D /* Assets.xcassets */ = {isa = PBXFileReference; lastKnownFileType = folder.assetcatalog; path = Assets.xcassets; sourceTree = "<group>"; };
		05659FAB1D22BB3D008CB76D /* Base */ = {isa = PBXFileReference; lastKnownFileType = file.storyboard; name = Base; path = Base.lproj/LaunchScreen.storyboard; sourceTree = "<group>"; };
		05659FAD1D22BB3D008CB76D /* Info.plist */ = {isa = PBXFileReference; lastKnownFileType = text.plist.xml; path = Info.plist; sourceTree = "<group>"; };
		05659FB31D22BB57008CB76D /* ReactBox.swift */ = {isa = PBXFileReference; fileEncoding = 4; lastKnownFileType = sourcecode.swift; path = ReactBox.swift; sourceTree = "<group>"; };
		05659FB51D22BB85008CB76D /* React.swift */ = {isa = PBXFileReference; fileEncoding = 4; lastKnownFileType = sourcecode.swift; path = React.swift; sourceTree = "<group>"; };
		05659FB71D22BBB8008CB76D /* Genenic.swift */ = {isa = PBXFileReference; fileEncoding = 4; lastKnownFileType = sourcecode.swift; path = Genenic.swift; sourceTree = "<group>"; };
/* End PBXFileReference section */

/* Begin PBXFrameworksBuildPhase section */
		05659F9B1D22BB3D008CB76D /* Frameworks */ = {
			isa = PBXFrameworksBuildPhase;
			buildActionMask = 2147483647;
			files = (
			);
			runOnlyForDeploymentPostprocessing = 0;
		};
/* End PBXFrameworksBuildPhase section */

/* Begin PBXGroup section */
		05080E3D1D25468E0023E2DE /* React */ = {
			isa = PBXGroup;
			children = (
				05659FB31D22BB57008CB76D /* ReactBox.swift */,
				05659FB51D22BB85008CB76D /* React.swift */,
				05659FB71D22BBB8008CB76D /* Genenic.swift */,
				05080E371D2546170023E2DE /* Model.swift */,
				05080E391D2546410023E2DE /* StoreModel.swift */,
				05080E3B1D2546680023E2DE /* Store.swift */,
			);
			name = React;
			sourceTree = "<group>";
		};
		05659F951D22BB3D008CB76D = {
			isa = PBXGroup;
			children = (
				05659FA01D22BB3D008CB76D /* Flux */,
				05659F9F1D22BB3D008CB76D /* Products */,
			);
			sourceTree = "<group>";
		};
		05659F9F1D22BB3D008CB76D /* Products */ = {
			isa = PBXGroup;
			children = (
				05659F9E1D22BB3D008CB76D /* Flux.app */,
			);
			name = Products;
			sourceTree = "<group>";
		};
		05659FA01D22BB3D008CB76D /* Flux */ = {
			isa = PBXGroup;
			children = (
				05080E3D1D25468E0023E2DE /* React */,
				05659FA11D22BB3D008CB76D /* AppDelegate.swift */,
				05080E401D255ABF0023E2DE /* NewModel.swift */,
				05080E3E1D25551B0023E2DE /* BViewController.swift */,
				05659FA31D22BB3D008CB76D /* ViewController.swift */,
				05659FA81D22BB3D008CB76D /* Assets.xcassets */,
				05659FAA1D22BB3D008CB76D /* LaunchScreen.storyboard */,
				05659FAD1D22BB3D008CB76D /* Info.plist */,
			);
			path = Flux;
			sourceTree = "<group>";
		};
/* End PBXGroup section */

/* Begin PBXNativeTarget section */
		05659F9D1D22BB3D008CB76D /* Flux */ = {
			isa = PBXNativeTarget;
			buildConfigurationList = 05659FB01D22BB3D008CB76D /* Build configuration list for PBXNativeTarget "Flux" */;
			buildPhases = (
				05659F9A1D22BB3D008CB76D /* Sources */,
				05659F9B1D22BB3D008CB76D /* Frameworks */,
				05659F9C1D22BB3D008CB76D /* Resources */,
				050EE23A1D83E9CC00CEA9DE /* ShellScript */,
			);
			buildRules = (
			);
			dependencies = (
			);
			name = Flux;
			productName = Flux;
			productReference = 05659F9E1D22BB3D008CB76D /* Flux.app */;
			productType = "com.apple.product-type.application";
		};
/* End PBXNativeTarget section */

/* Begin PBXProject section */
		05659F961D22BB3D008CB76D /* Project object */ = {
			isa = PBXProject;
			attributes = {
				LastSwiftUpdateCheck = 0730;
				LastUpgradeCheck = 0730;
				ORGANIZATIONNAME = "Cao Phuoc Thanh";
				TargetAttributes = {
					05659F9D1D22BB3D008CB76D = {
						CreatedOnToolsVersion = 7.3;
						DevelopmentTeam = 8AYMHH2W3E;
					};
				};
			};
			buildConfigurationList = 05659F991D22BB3D008CB76D /* Build configuration list for PBXProject "Flux" */;
			compatibilityVersion = "Xcode 3.2";
			developmentRegion = English;
			hasScannedForEncodings = 0;
			knownRegions = (
				en,
				Base,
			);
			mainGroup = 05659F951D22BB3D008CB76D;
			productRefGroup = 05659F9F1D22BB3D008CB76D /* Products */;
			projectDirPath = "";
			projectRoot = "";
			targets = (
				05659F9D1D22BB3D008CB76D /* Flux */,
			);
		};
/* End PBXProject section */

/* Begin PBXResourcesBuildPhase section */
		05659F9C1D22BB3D008CB76D /* Resources */ = {
			isa = PBXResourcesBuildPhase;
			buildActionMask = 2147483647;
			files = (
				05659FAC1D22BB3D008CB76D /* LaunchScreen.storyboard in Resources */,
				05659FA91D22BB3D008CB76D /* Assets.xcassets in Resources */,
			);
			runOnlyForDeploymentPostprocessing = 0;
		};
/* End PBXResourcesBuildPhase section */

/* Begin PBXShellScriptBuildPhase section */
		050EE23A1D83E9CC00CEA9DE /* ShellScript */ = {
			isa = PBXShellScriptBuildPhase;
			buildActionMask = 2147483647;
			files = (
			);
			inputPaths = (
			);
			outputPaths = (
			);
			runOnlyForDeploymentPostprocessing = 0;
			shellPath = /bin/sh;
			shellScript = "TAGS=\"TODO:|FIXME:\"\nERRORTAG=\"ERROR:\"\nfind \"${SRCROOT}\" \\( -name \"*.h\" -or -name \"*.m\" -or -name \"*.swift\" \\) -print0 | xargs -0 egrep --with-filename --line-number --only-matching \"($TAGS).*\\$|($ERRORTAG).*\\$\" | perl -p -e \"s/($TAGS)/ warning: \\$1/\" | perl -p -e \"s/($ERRORTAG)/ error: \\$1/\"";
		};
/* End PBXShellScriptBuildPhase section */

/* Begin PBXSourcesBuildPhase section */
		05659F9A1D22BB3D008CB76D /* Sources */ = {
			isa = PBXSourcesBuildPhase;
			buildActionMask = 2147483647;
			files = (
				05659FB41D22BB57008CB76D /* ReactBox.swift in Sources */,
				05080E3F1D25551B0023E2DE /* BViewController.swift in Sources */,
				05659FA41D22BB3D008CB76D /* ViewController.swift in Sources */,
				05659FB61D22BB85008CB76D /* React.swift in Sources */,
				05080E411D255ABF0023E2DE /* NewModel.swift in Sources */,
				05080E3C1D2546680023E2DE /* Store.swift in Sources */,
				05080E381D2546170023E2DE /* Model.swift in Sources */,
				05080E3A1D2546410023E2DE /* StoreModel.swift in Sources */,
				05659FB81D22BBB8008CB76D /* Genenic.swift in Sources */,
				05659FA21D22BB3D008CB76D /* AppDelegate.swift in Sources */,
			);
			runOnlyForDeploymentPostprocessing = 0;
		};
/* End PBXSourcesBuildPhase section */

/* Begin PBXVariantGroup section */
		05659FAA1D22BB3D008CB76D /* LaunchScreen.storyboard */ = {
			isa = PBXVariantGroup;
			children = (
				05659FAB1D22BB3D008CB76D /* Base */,
			);
			name = LaunchScreen.storyboard;
			sourceTree = "<group>";
		};
/* End PBXVariantGroup section */

/* Begin XCBuildConfiguration section */
		05659FAE1D22BB3D008CB76D /* Debug */ = {
			isa = XCBuildConfiguration;
			buildSettings = {
				ALWAYS_SEARCH_USER_PATHS = NO;
				CLANG_ANALYZER_NONNULL = YES;
				CLANG_CXX_LANGUAGE_STANDARD = "gnu++0x";
				CLANG_CXX_LIBRARY = "libc++";
				CLANG_ENABLE_MODULES = YES;
				CLANG_ENABLE_OBJC_ARC = YES;
				CLANG_WARN_BOOL_CONVERSION = YES;
				CLANG_WARN_CONSTANT_CONVERSION = YES;
				CLANG_WARN_DIRECT_OBJC_ISA_USAGE = YES_ERROR;
				CLANG_WARN_EMPTY_BODY = YES;
				CLANG_WARN_ENUM_CONVERSION = YES;
				CLANG_WARN_INT_CONVERSION = YES;
				CLANG_WARN_OBJC_ROOT_CLASS = YES_ERROR;
				CLANG_WARN_UNREACHABLE_CODE = YES;
				CLANG_WARN__DUPLICATE_METHOD_MATCH = YES;
				"CODE_SIGN_IDENTITY[sdk=iphoneos*]" = "iPhone Developer";
				COPY_PHASE_STRIP = NO;
				DEBUG_INFORMATION_FORMAT = dwarf;
				ENABLE_STRICT_OBJC_MSGSEND = YES;
				ENABLE_TESTABILITY = YES;
				GCC_C_LANGUAGE_STANDARD = gnu99;
				GCC_DYNAMIC_NO_PIC = NO;
				GCC_NO_COMMON_BLOCKS = YES;
				GCC_OPTIMIZATION_LEVEL = 0;
				GCC_PREPROCESSOR_DEFINITIONS = (
					"DEBUG=1",
					"$(inherited)",
				);
				GCC_WARN_64_TO_32_BIT_CONVERSION = YES;
				GCC_WARN_ABOUT_RETURN_TYPE = YES_ERROR;
				GCC_WARN_UNDECLARED_SELECTOR = YES;
				GCC_WARN_UNINITIALIZED_AUTOS = YES_AGGRESSIVE;
				GCC_WARN_UNUSED_FUNCTION = YES;
				GCC_WARN_UNUSED_VARIABLE = YES;
				IPHONEOS_DEPLOYMENT_TARGET = 9.3;
				MTL_ENABLE_DEBUG_INFO = YES;
				ONLY_ACTIVE_ARCH = YES;
				SDKROOT = iphoneos;
				SWIFT_OPTIMIZATION_LEVEL = "-Onone";
				TARGETED_DEVICE_FAMILY = "1,2";
			};
			name = Debug;
		};
		05659FAF1D22BB3D008CB76D /* Release */ = {
			isa = XCBuildConfiguration;
			buildSettings = {
				ALWAYS_SEARCH_USER_PATHS = NO;
				CLANG_ANALYZER_NONNULL = YES;
				CLANG_CXX_LANGUAGE_STANDARD = "gnu++0x";
				CLANG_CXX_LIBRARY = "libc++";
				CLANG_ENABLE_MODULES = YES;
				CLANG_ENABLE_OBJC_ARC = YES;
				CLANG_WARN_BOOL_CONVERSION = YES;
				CLANG_WARN_CONSTANT_CONVERSION = YES;
				CLANG_WARN_DIRECT_OBJC_ISA_USAGE = YES_ERROR;
				CLANG_WARN_EMPTY_BODY = YES;
				CLANG_WARN_ENUM_CONVERSION = YES;
				CLANG_WARN_INT_CONVERSION = YES;
				CLANG_WARN_OBJC_ROOT_CLASS = YES_ERROR;
				CLANG_WARN_UNREACHABLE_CODE = YES;
				CLANG_WARN__DUPLICATE_METHOD_MATCH = YES;
				"CODE_SIGN_IDENTITY[sdk=iphoneos*]" = "iPhone Developer";
				COPY_PHASE_STRIP = NO;
				DEBUG_INFORMATION_FORMAT = "dwarf-with-dsym";
				ENABLE_NS_ASSERTIONS = NO;
				ENABLE_STRICT_OBJC_MSGSEND = YES;
				GCC_C_LANGUAGE_STANDARD = gnu99;
				GCC_NO_COMMON_BLOCKS = YES;
				GCC_WARN_64_TO_32_BIT_CONVERSION = YES;
				GCC_WARN_ABOUT_RETURN_TYPE = YES_ERROR;
				GCC_WARN_UNDECLARED_SELECTOR = YES;
				GCC_WARN_UNINITIALIZED_AUTOS = YES_AGGRESSIVE;
				GCC_WARN_UNUSED_FUNCTION = YES;
				GCC_WARN_UNUSED_VARIABLE = YES;
				IPHONEOS_DEPLOYMENT_TARGET = 9.3;
				MTL_ENABLE_DEBUG_INFO = NO;
				SDKROOT = iphoneos;
				TARGETED_DEVICE_FAMILY = "1,2";
				VALIDATE_PRODUCT = YES;
			};
			name = Release;
		};
		05659FB11D22BB3D008CB76D /* Debug */ = {
			isa = XCBuildConfiguration;
			buildSettings = {
				ASSETCATALOG_COMPILER_APPICON_NAME = AppIcon;
				CODE_SIGN_IDENTITY = "iPhone Developer";
				"CODE_SIGN_IDENTITY[sdk=iphoneos*]" = "iPhone Developer";
				INFOPLIST_FILE = Flux/Info.plist;
				IPHONEOS_DEPLOYMENT_TARGET = 8.2;
				LD_RUNPATH_SEARCH_PATHS = "$(inherited) @executable_path/Frameworks";
				PRODUCT_BUNDLE_IDENTIFIER = com.caophuocthanh.Flux;
				PRODUCT_NAME = "$(TARGET_NAME)";
				PROVISIONING_PROFILE = "";
			};
			name = Debug;
		};
		05659FB21D22BB3D008CB76D /* Release */ = {
			isa = XCBuildConfiguration;
			buildSettings = {
				ASSETCATALOG_COMPILER_APPICON_NAME = AppIcon;
				CODE_SIGN_IDENTITY = "iPhone Developer";
				"CODE_SIGN_IDENTITY[sdk=iphoneos*]" = "iPhone Developer";
				INFOPLIST_FILE = Flux/Info.plist;
				IPHONEOS_DEPLOYMENT_TARGET = 8.2;
				LD_RUNPATH_SEARCH_PATHS = "$(inherited) @executable_path/Frameworks";
				PRODUCT_BUNDLE_IDENTIFIER = com.caophuocthanh.Flux;
				PRODUCT_NAME = "$(TARGET_NAME)";
				PROVISIONING_PROFILE = "";
			};
			name = Release;
		};
/* End XCBuildConfiguration section */

/* Begin XCConfigurationList section */
		05659F991D22BB3D008CB76D /* Build configuration list for PBXProject "Flux" */ = {
			isa = XCConfigurationList;
			buildConfigurations = (
				05659FAE1D22BB3D008CB76D /* Debug */,
				05659FAF1D22BB3D008CB76D /* Release */,
			);
			defaultConfigurationIsVisible = 0;
			defaultConfigurationName = Release;
		};
		05659FB01D22BB3D008CB76D /* Build configuration list for PBXNativeTarget "Flux" */ = {
			isa = XCConfigurationList;
			buildConfigurations = (
				05659FB11D22BB3D008CB76D /* Debug */,
				05659FB21D22BB3D008CB76D /* Release */,
			);
			defaultConfigurationIsVisible = 0;
			defaultConfigurationName = Release;
		};
/* End XCConfigurationList section */
	};
	rootObject = 05659F961D22BB3D008CB76D /* Project object */;
}
